
Microsoft Visual Studio Solution File, Format Version 12.00
# Visual Studio Version 16
VisualStudioVersion = 16.0.29001.49
MinimumVisualStudioVersion = 10.0.40219.1
Project("{888888A0-9F3D-457C-B088-3A5042F75D52}") = "Hangman", "Hangman\Hangman.pyproj", "{CCD5490B-712E-45C7-934B-D1AC3FDF2A28}"
EndProject
Global
	GlobalSection(SolutionConfigurationPlatforms) = preSolution
		Debug|Any CPU = Debug|Any CPU
		Release|Any CPU = Release|Any CPU
	EndGlobalSection
	GlobalSection(ProjectConfigurationPlatforms) = postSolution
		{CCD5490B-712E-45C7-934B-D1AC3FDF2A28}.Debug|Any CPU.ActiveCfg = Debug|Any CPU
		{CCD5490B-712E-45C7-934B-D1AC3FDF2A28}.Release|Any CPU.ActiveCfg = Release|Any CPU
	EndGlobalSection
	GlobalSection(SolutionProperties) = preSolution
		HideSolutionNode = FALSE
	EndGlobalSection
	GlobalSection(ExtensibilityGlobals) = postSolution
		SolutionGuid = {F9636481-B8CB-4338-AEF0-034A39A2262C}
	EndGlobalSection
EndGlobal
